// !$*UTF8*$!
{
	archiveVersion = 1;
	classes = {
	};
	objectVersion = 48;
	objects = {

/* Begin PBXBuildFile section */
		2EB3208774C93F7DA0EC9BB8 /* Pods_CheckersUITests.framework in Frameworks */ = {isa = PBXBuildFile; fileRef = 67EC8C0C7B03DCCF01BA72D5 /* Pods_CheckersUITests.framework */; };
		5CED2EDF1CA3332648F6D2C3 /* Pods_CheckersTests.framework in Frameworks */ = {isa = PBXBuildFile; fileRef = 63430675029916835006321B /* Pods_CheckersTests.framework */; };
		5E2E8E0B2511DDB732349E9A /* Pods_Checkers.framework in Frameworks */ = {isa = PBXBuildFile; fileRef = 9439EC73436DCDC13CBC13FF /* Pods_Checkers.framework */; };
		6010644F2048F49A004BD16A /* AppDelegate.swift in Sources */ = {isa = PBXBuildFile; fileRef = 6010644E2048F49A004BD16A /* AppDelegate.swift */; };
		601064512048F49A004BD16A /* ViewController.swift in Sources */ = {isa = PBXBuildFile; fileRef = 601064502048F49A004BD16A /* ViewController.swift */; };
		601064542048F49A004BD16A /* Main.storyboard in Resources */ = {isa = PBXBuildFile; fileRef = 601064522048F49A004BD16A /* Main.storyboard */; };
		601064572048F49A004BD16A /* Checkers.xcdatamodeld in Sources */ = {isa = PBXBuildFile; fileRef = 601064552048F49A004BD16A /* Checkers.xcdatamodeld */; };
		601064592048F49A004BD16A /* Assets.xcassets in Resources */ = {isa = PBXBuildFile; fileRef = 601064582048F49A004BD16A /* Assets.xcassets */; };
		6010645C2048F49A004BD16A /* LaunchScreen.storyboard in Resources */ = {isa = PBXBuildFile; fileRef = 6010645A2048F49A004BD16A /* LaunchScreen.storyboard */; };
		601064672048F49A004BD16A /* CheckersTests.swift in Sources */ = {isa = PBXBuildFile; fileRef = 601064662048F49A004BD16A /* CheckersTests.swift */; };
		601064722048F49A004BD16A /* CheckersUITests.swift in Sources */ = {isa = PBXBuildFile; fileRef = 601064712048F49A004BD16A /* CheckersUITests.swift */; };
		601064802048F50F004BD16A /* UICheckersBoard.swift in Sources */ = {isa = PBXBuildFile; fileRef = 6010647F2048F50F004BD16A /* UICheckersBoard.swift */; };
		601064822048F6B7004BD16A /* UICheckersBoardDelegate.swift in Sources */ = {isa = PBXBuildFile; fileRef = 601064812048F6B7004BD16A /* UICheckersBoardDelegate.swift */; };
		601064842048F806004BD16A /* CheckersBoard.swift in Sources */ = {isa = PBXBuildFile; fileRef = 601064832048F806004BD16A /* CheckersBoard.swift */; };
		601064862048FC23004BD16A /* UIBoardTile.swift in Sources */ = {isa = PBXBuildFile; fileRef = 601064852048FC23004BD16A /* UIBoardTile.swift */; };
/* End PBXBuildFile section */

/* Begin PBXContainerItemProxy section */
		601064632048F49A004BD16A /* PBXContainerItemProxy */ = {
			isa = PBXContainerItemProxy;
			containerPortal = 601064432048F49A004BD16A /* Project object */;
			proxyType = 1;
			remoteGlobalIDString = 6010644A2048F49A004BD16A;
			remoteInfo = Checkers;
		};
		6010646E2048F49A004BD16A /* PBXContainerItemProxy */ = {
			isa = PBXContainerItemProxy;
			containerPortal = 601064432048F49A004BD16A /* Project object */;
			proxyType = 1;
			remoteGlobalIDString = 6010644A2048F49A004BD16A;
			remoteInfo = Checkers;
		};
/* End PBXContainerItemProxy section */

/* Begin PBXFileReference section */
		02FF3E9FDA49DC0BE22E1108 /* Pods-CheckersTests.debug.xcconfig */ = {isa = PBXFileReference; includeInIndex = 1; lastKnownFileType = text.xcconfig; name = "Pods-CheckersTests.debug.xcconfig"; path = "Pods/Target Support Files/Pods-CheckersTests/Pods-CheckersTests.debug.xcconfig"; sourceTree = "<group>"; };
		149FE6AFC824F446BC43B5BD /* Pods-CheckersUITests.release.xcconfig */ = {isa = PBXFileReference; includeInIndex = 1; lastKnownFileType = text.xcconfig; name = "Pods-CheckersUITests.release.xcconfig"; path = "Pods/Target Support Files/Pods-CheckersUITests/Pods-CheckersUITests.release.xcconfig"; sourceTree = "<group>"; };
		1B22D801591FF442B0B7A44F /* Pods-CheckersUITests.debug.xcconfig */ = {isa = PBXFileReference; includeInIndex = 1; lastKnownFileType = text.xcconfig; name = "Pods-CheckersUITests.debug.xcconfig"; path = "Pods/Target Support Files/Pods-CheckersUITests/Pods-CheckersUITests.debug.xcconfig"; sourceTree = "<group>"; };
		1F2EF763BD99FCB0C4467788 /* Pods-CheckersTests.release.xcconfig */ = {isa = PBXFileReference; includeInIndex = 1; lastKnownFileType = text.xcconfig; name = "Pods-CheckersTests.release.xcconfig"; path = "Pods/Target Support Files/Pods-CheckersTests/Pods-CheckersTests.release.xcconfig"; sourceTree = "<group>"; };
		6010644B2048F49A004BD16A /* Checkers.app */ = {isa = PBXFileReference; explicitFileType = wrapper.application; includeInIndex = 0; path = Checkers.app; sourceTree = BUILT_PRODUCTS_DIR; };
		6010644E2048F49A004BD16A /* AppDelegate.swift */ = {isa = PBXFileReference; lastKnownFileType = sourcecode.swift; path = AppDelegate.swift; sourceTree = "<group>"; };
		601064502048F49A004BD16A /* ViewController.swift */ = {isa = PBXFileReference; lastKnownFileType = sourcecode.swift; path = ViewController.swift; sourceTree = "<group>"; };
		601064532048F49A004BD16A /* Base */ = {isa = PBXFileReference; lastKnownFileType = file.storyboard; name = Base; path = Base.lproj/Main.storyboard; sourceTree = "<group>"; };
		601064562048F49A004BD16A /* Checkers.xcdatamodel */ = {isa = PBXFileReference; lastKnownFileType = wrapper.xcdatamodel; path = Checkers.xcdatamodel; sourceTree = "<group>"; };
		601064582048F49A004BD16A /* Assets.xcassets */ = {isa = PBXFileReference; lastKnownFileType = folder.assetcatalog; path = Assets.xcassets; sourceTree = "<group>"; };
		6010645B2048F49A004BD16A /* Base */ = {isa = PBXFileReference; lastKnownFileType = file.storyboard; name = Base; path = Base.lproj/LaunchScreen.storyboard; sourceTree = "<group>"; };
		6010645D2048F49A004BD16A /* Info.plist */ = {isa = PBXFileReference; lastKnownFileType = text.plist.xml; path = Info.plist; sourceTree = "<group>"; };
		601064622048F49A004BD16A /* CheckersTests.xctest */ = {isa = PBXFileReference; explicitFileType = wrapper.cfbundle; includeInIndex = 0; path = CheckersTests.xctest; sourceTree = BUILT_PRODUCTS_DIR; };
		601064662048F49A004BD16A /* CheckersTests.swift */ = {isa = PBXFileReference; lastKnownFileType = sourcecode.swift; path = CheckersTests.swift; sourceTree = "<group>"; };
		601064682048F49A004BD16A /* Info.plist */ = {isa = PBXFileReference; lastKnownFileType = text.plist.xml; path = Info.plist; sourceTree = "<group>"; };
		6010646D2048F49A004BD16A /* CheckersUITests.xctest */ = {isa = PBXFileReference; explicitFileType = wrapper.cfbundle; includeInIndex = 0; path = CheckersUITests.xctest; sourceTree = BUILT_PRODUCTS_DIR; };
		601064712048F49A004BD16A /* CheckersUITests.swift */ = {isa = PBXFileReference; lastKnownFileType = sourcecode.swift; path = CheckersUITests.swift; sourceTree = "<group>"; };
		601064732048F49A004BD16A /* Info.plist */ = {isa = PBXFileReference; lastKnownFileType = text.plist.xml; path = Info.plist; sourceTree = "<group>"; };
		6010647F2048F50F004BD16A /* UICheckersBoard.swift */ = {isa = PBXFileReference; lastKnownFileType = sourcecode.swift; path = UICheckersBoard.swift; sourceTree = "<group>"; };
		601064812048F6B7004BD16A /* UICheckersBoardDelegate.swift */ = {isa = PBXFileReference; lastKnownFileType = sourcecode.swift; path = UICheckersBoardDelegate.swift; sourceTree = "<group>"; };
		601064832048F806004BD16A /* CheckersBoard.swift */ = {isa = PBXFileReference; lastKnownFileType = sourcecode.swift; path = CheckersBoard.swift; sourceTree = "<group>"; };
		601064852048FC23004BD16A /* UIBoardTile.swift */ = {isa = PBXFileReference; lastKnownFileType = sourcecode.swift; path = UIBoardTile.swift; sourceTree = "<group>"; };
		63430675029916835006321B /* Pods_CheckersTests.framework */ = {isa = PBXFileReference; explicitFileType = wrapper.framework; includeInIndex = 0; path = Pods_CheckersTests.framework; sourceTree = BUILT_PRODUCTS_DIR; };
		67EC8C0C7B03DCCF01BA72D5 /* Pods_CheckersUITests.framework */ = {isa = PBXFileReference; explicitFileType = wrapper.framework; includeInIndex = 0; path = Pods_CheckersUITests.framework; sourceTree = BUILT_PRODUCTS_DIR; };
		76A7A41E082F8A863403E3E6 /* Pods-Checkers.release.xcconfig */ = {isa = PBXFileReference; includeInIndex = 1; lastKnownFileType = text.xcconfig; name = "Pods-Checkers.release.xcconfig"; path = "Pods/Target Support Files/Pods-Checkers/Pods-Checkers.release.xcconfig"; sourceTree = "<group>"; };
		9439EC73436DCDC13CBC13FF /* Pods_Checkers.framework */ = {isa = PBXFileReference; explicitFileType = wrapper.framework; includeInIndex = 0; path = Pods_Checkers.framework; sourceTree = BUILT_PRODUCTS_DIR; };
		FDDBF08B206469C83D91B356 /* Pods-Checkers.debug.xcconfig */ = {isa = PBXFileReference; includeInIndex = 1; lastKnownFileType = text.xcconfig; name = "Pods-Checkers.debug.xcconfig"; path = "Pods/Target Support Files/Pods-Checkers/Pods-Checkers.debug.xcconfig"; sourceTree = "<group>"; };
/* End PBXFileReference section */

/* Begin PBXFrameworksBuildPhase section */
		601064482048F49A004BD16A /* Frameworks */ = {
			isa = PBXFrameworksBuildPhase;
			buildActionMask = 2147483647;
			files = (
				5E2E8E0B2511DDB732349E9A /* Pods_Checkers.framework in Frameworks */,
			);
			runOnlyForDeploymentPostprocessing = 0;
		};
		6010645F2048F49A004BD16A /* Frameworks */ = {
			isa = PBXFrameworksBuildPhase;
			buildActionMask = 2147483647;
			files = (
				5CED2EDF1CA3332648F6D2C3 /* Pods_CheckersTests.framework in Frameworks */,
			);
			runOnlyForDeploymentPostprocessing = 0;
		};
		6010646A2048F49A004BD16A /* Frameworks */ = {
			isa = PBXFrameworksBuildPhase;
			buildActionMask = 2147483647;
			files = (
				2EB3208774C93F7DA0EC9BB8 /* Pods_CheckersUITests.framework in Frameworks */,
			);
			runOnlyForDeploymentPostprocessing = 0;
		};
/* End PBXFrameworksBuildPhase section */

/* Begin PBXGroup section */
		601064422048F49A004BD16A = {
			isa = PBXGroup;
			children = (
				6010644D2048F49A004BD16A /* Checkers */,
				601064652048F49A004BD16A /* CheckersTests */,
				601064702048F49A004BD16A /* CheckersUITests */,
				6010644C2048F49A004BD16A /* Products */,
				BDBB77A59C9F72D923F27CB3 /* Pods */,
				7208563042814A33D6999D5B /* Frameworks */,
			);
			sourceTree = "<group>";
		};
		6010644C2048F49A004BD16A /* Products */ = {
			isa = PBXGroup;
			children = (
				6010644B2048F49A004BD16A /* Checkers.app */,
				601064622048F49A004BD16A /* CheckersTests.xctest */,
				6010646D2048F49A004BD16A /* CheckersUITests.xctest */,
			);
			name = Products;
			sourceTree = "<group>";
		};
		6010644D2048F49A004BD16A /* Checkers */ = {
			isa = PBXGroup;
			children = (
				6010644E2048F49A004BD16A /* AppDelegate.swift */,
				601064502048F49A004BD16A /* ViewController.swift */,
				601064522048F49A004BD16A /* Main.storyboard */,
				601064582048F49A004BD16A /* Assets.xcassets */,
				6010645A2048F49A004BD16A /* LaunchScreen.storyboard */,
				6010645D2048F49A004BD16A /* Info.plist */,
				601064552048F49A004BD16A /* Checkers.xcdatamodeld */,
				60106488204902D6004BD16A /* Models */,
				601064872048FC2C004BD16A /* Board */,
			);
			path = Checkers;
			sourceTree = "<group>";
		};
		601064652048F49A004BD16A /* CheckersTests */ = {
			isa = PBXGroup;
			children = (
				601064662048F49A004BD16A /* CheckersTests.swift */,
				601064682048F49A004BD16A /* Info.plist */,
			);
			path = CheckersTests;
			sourceTree = "<group>";
		};
		601064702048F49A004BD16A /* CheckersUITests */ = {
			isa = PBXGroup;
			children = (
				601064712048F49A004BD16A /* CheckersUITests.swift */,
				601064732048F49A004BD16A /* Info.plist */,
			);
			path = CheckersUITests;
			sourceTree = "<group>";
		};
		601064872048FC2C004BD16A /* Board */ = {
			isa = PBXGroup;
			children = (
				6010647F2048F50F004BD16A /* UICheckersBoard.swift */,
				601064812048F6B7004BD16A /* UICheckersBoardDelegate.swift */,
				601064852048FC23004BD16A /* UIBoardTile.swift */,
			);
			path = Board;
			sourceTree = "<group>";
		};
		60106488204902D6004BD16A /* Models */ = {
			isa = PBXGroup;
			children = (
				601064832048F806004BD16A /* CheckersBoard.swift */,
			);
			name = Models;
			path = "New Group";
			sourceTree = "<group>";
		};
		7208563042814A33D6999D5B /* Frameworks */ = {
			isa = PBXGroup;
			children = (
				9439EC73436DCDC13CBC13FF /* Pods_Checkers.framework */,
				63430675029916835006321B /* Pods_CheckersTests.framework */,
				67EC8C0C7B03DCCF01BA72D5 /* Pods_CheckersUITests.framework */,
			);
			name = Frameworks;
			sourceTree = "<group>";
		};
		BDBB77A59C9F72D923F27CB3 /* Pods */ = {
			isa = PBXGroup;
			children = (
				FDDBF08B206469C83D91B356 /* Pods-Checkers.debug.xcconfig */,
				76A7A41E082F8A863403E3E6 /* Pods-Checkers.release.xcconfig */,
				02FF3E9FDA49DC0BE22E1108 /* Pods-CheckersTests.debug.xcconfig */,
				1F2EF763BD99FCB0C4467788 /* Pods-CheckersTests.release.xcconfig */,
				1B22D801591FF442B0B7A44F /* Pods-CheckersUITests.debug.xcconfig */,
				149FE6AFC824F446BC43B5BD /* Pods-CheckersUITests.release.xcconfig */,
			);
			name = Pods;
			sourceTree = "<group>";
		};
/* End PBXGroup section */

/* Begin PBXNativeTarget section */
		6010644A2048F49A004BD16A /* Checkers */ = {
			isa = PBXNativeTarget;
			buildConfigurationList = 601064762048F49A004BD16A /* Build configuration list for PBXNativeTarget "Checkers" */;
			buildPhases = (
				7A7F14D29E5D89BCD46F8AF2 /* [CP] Check Pods Manifest.lock */,
				601064472048F49A004BD16A /* Sources */,
				601064482048F49A004BD16A /* Frameworks */,
				601064492048F49A004BD16A /* Resources */,
				64FF9C2A300E8BFB7D171FF6 /* [CP] Embed Pods Frameworks */,
				ADBC607EEC676E09686DEB5F /* [CP] Copy Pods Resources */,
			);
			buildRules = (
			);
			dependencies = (
			);
			name = Checkers;
			productName = Checkers;
			productReference = 6010644B2048F49A004BD16A /* Checkers.app */;
			productType = "com.apple.product-type.application";
		};
		601064612048F49A004BD16A /* CheckersTests */ = {
			isa = PBXNativeTarget;
			buildConfigurationList = 601064792048F49A004BD16A /* Build configuration list for PBXNativeTarget "CheckersTests" */;
			buildPhases = (
				E9C28926BD8B1241A8BEB02F /* [CP] Check Pods Manifest.lock */,
				6010645E2048F49A004BD16A /* Sources */,
				6010645F2048F49A004BD16A /* Frameworks */,
				601064602048F49A004BD16A /* Resources */,
				CA0F988E81F408BE164EDB21 /* [CP] Embed Pods Frameworks */,
				902AFD0A95ADC20083A66A20 /* [CP] Copy Pods Resources */,
			);
			buildRules = (
			);
			dependencies = (
				601064642048F49A004BD16A /* PBXTargetDependency */,
			);
			name = CheckersTests;
			productName = CheckersTests;
			productReference = 601064622048F49A004BD16A /* CheckersTests.xctest */;
			productType = "com.apple.product-type.bundle.unit-test";
		};
		6010646C2048F49A004BD16A /* CheckersUITests */ = {
			isa = PBXNativeTarget;
			buildConfigurationList = 6010647C2048F49A004BD16A /* Build configuration list for PBXNativeTarget "CheckersUITests" */;
			buildPhases = (
				BF9631AED37BFC1F6CDD96EE /* [CP] Check Pods Manifest.lock */,
				601064692048F49A004BD16A /* Sources */,
				6010646A2048F49A004BD16A /* Frameworks */,
				6010646B2048F49A004BD16A /* Resources */,
				BA8EE2FB01CAE4A425484770 /* [CP] Embed Pods Frameworks */,
				D2CE49580E007DA75B031536 /* [CP] Copy Pods Resources */,
			);
			buildRules = (
			);
			dependencies = (
				6010646F2048F49A004BD16A /* PBXTargetDependency */,
			);
			name = CheckersUITests;
			productName = CheckersUITests;
			productReference = 6010646D2048F49A004BD16A /* CheckersUITests.xctest */;
			productType = "com.apple.product-type.bundle.ui-testing";
		};
/* End PBXNativeTarget section */

/* Begin PBXProject section */
		601064432048F49A004BD16A /* Project object */ = {
			isa = PBXProject;
			attributes = {
				LastSwiftUpdateCheck = 0920;
				LastUpgradeCheck = 0920;
				ORGANIZATIONNAME = Zeppa;
				TargetAttributes = {
					6010644A2048F49A004BD16A = {
						CreatedOnToolsVersion = 9.2;
						ProvisioningStyle = Automatic;
					};
					601064612048F49A004BD16A = {
						CreatedOnToolsVersion = 9.2;
						ProvisioningStyle = Automatic;
						TestTargetID = 6010644A2048F49A004BD16A;
					};
					6010646C2048F49A004BD16A = {
						CreatedOnToolsVersion = 9.2;
						ProvisioningStyle = Automatic;
						TestTargetID = 6010644A2048F49A004BD16A;
					};
				};
			};
			buildConfigurationList = 601064462048F49A004BD16A /* Build configuration list for PBXProject "Checkers" */;
			compatibilityVersion = "Xcode 8.0";
			developmentRegion = en;
			hasScannedForEncodings = 0;
			knownRegions = (
				en,
				Base,
			);
			mainGroup = 601064422048F49A004BD16A;
			productRefGroup = 6010644C2048F49A004BD16A /* Products */;
			projectDirPath = "";
			projectRoot = "";
			targets = (
				6010644A2048F49A004BD16A /* Checkers */,
				601064612048F49A004BD16A /* CheckersTests */,
				6010646C2048F49A004BD16A /* CheckersUITests */,
			);
		};
/* End PBXProject section */

/* Begin PBXResourcesBuildPhase section */
		601064492048F49A004BD16A /* Resources */ = {
			isa = PBXResourcesBuildPhase;
			buildActionMask = 2147483647;
			files = (
				6010645C2048F49A004BD16A /* LaunchScreen.storyboard in Resources */,
				601064592048F49A004BD16A /* Assets.xcassets in Resources */,
				601064542048F49A004BD16A /* Main.storyboard in Resources */,
			);
			runOnlyForDeploymentPostprocessing = 0;
		};
		601064602048F49A004BD16A /* Resources */ = {
			isa = PBXResourcesBuildPhase;
			buildActionMask = 2147483647;
			files = (
			);
			runOnlyForDeploymentPostprocessing = 0;
		};
		6010646B2048F49A004BD16A /* Resources */ = {
			isa = PBXResourcesBuildPhase;
			buildActionMask = 2147483647;
			files = (
			);
			runOnlyForDeploymentPostprocessing = 0;
		};
/* End PBXResourcesBuildPhase section */

/* Begin PBXShellScriptBuildPhase section */
		64FF9C2A300E8BFB7D171FF6 /* [CP] Embed Pods Frameworks */ = {
			isa = PBXShellScriptBuildPhase;
			buildActionMask = 2147483647;
			files = (
			);
			inputPaths = (
			);
			name = "[CP] Embed Pods Frameworks";
			outputPaths = (
			);
			runOnlyForDeploymentPostprocessing = 0;
			shellPath = /bin/sh;
			shellScript = "\"${SRCROOT}/Pods/Target Support Files/Pods-Checkers/Pods-Checkers-frameworks.sh\"\n";
			showEnvVarsInLog = 0;
		};
		7A7F14D29E5D89BCD46F8AF2 /* [CP] Check Pods Manifest.lock */ = {
			isa = PBXShellScriptBuildPhase;
			buildActionMask = 2147483647;
			files = (
			);
			inputPaths = (
				"${PODS_PODFILE_DIR_PATH}/Podfile.lock",
				"${PODS_ROOT}/Manifest.lock",
			);
			name = "[CP] Check Pods Manifest.lock";
			outputPaths = (
				"$(DERIVED_FILE_DIR)/Pods-Checkers-checkManifestLockResult.txt",
			);
			runOnlyForDeploymentPostprocessing = 0;
			shellPath = /bin/sh;
			shellScript = "diff \"${PODS_PODFILE_DIR_PATH}/Podfile.lock\" \"${PODS_ROOT}/Manifest.lock\" > /dev/null\nif [ $? != 0 ] ; then\n    # print error to STDERR\n    echo \"error: The sandbox is not in sync with the Podfile.lock. Run 'pod install' or update your CocoaPods installation.\" >&2\n    exit 1\nfi\n# This output is used by Xcode 'outputs' to avoid re-running this script phase.\necho \"SUCCESS\" > \"${SCRIPT_OUTPUT_FILE_0}\"\n";
			showEnvVarsInLog = 0;
		};
		902AFD0A95ADC20083A66A20 /* [CP] Copy Pods Resources */ = {
			isa = PBXShellScriptBuildPhase;
			buildActionMask = 2147483647;
			files = (
			);
			inputPaths = (
			);
			name = "[CP] Copy Pods Resources";
			outputPaths = (
			);
			runOnlyForDeploymentPostprocessing = 0;
			shellPath = /bin/sh;
			shellScript = "\"${SRCROOT}/Pods/Target Support Files/Pods-CheckersTests/Pods-CheckersTests-resources.sh\"\n";
			showEnvVarsInLog = 0;
		};
		ADBC607EEC676E09686DEB5F /* [CP] Copy Pods Resources */ = {
			isa = PBXShellScriptBuildPhase;
			buildActionMask = 2147483647;
			files = (
			);
			inputPaths = (
			);
			name = "[CP] Copy Pods Resources";
			outputPaths = (
			);
			runOnlyForDeploymentPostprocessing = 0;
			shellPath = /bin/sh;
			shellScript = "\"${SRCROOT}/Pods/Target Support Files/Pods-Checkers/Pods-Checkers-resources.sh\"\n";
			showEnvVarsInLog = 0;
		};
		BA8EE2FB01CAE4A425484770 /* [CP] Embed Pods Frameworks */ = {
			isa = PBXShellScriptBuildPhase;
			buildActionMask = 2147483647;
			files = (
			);
			inputPaths = (
			);
			name = "[CP] Embed Pods Frameworks";
			outputPaths = (
			);
			runOnlyForDeploymentPostprocessing = 0;
			shellPath = /bin/sh;
			shellScript = "\"${SRCROOT}/Pods/Target Support Files/Pods-CheckersUITests/Pods-CheckersUITests-frameworks.sh\"\n";
			showEnvVarsInLog = 0;
		};
		BF9631AED37BFC1F6CDD96EE /* [CP] Check Pods Manifest.lock */ = {
			isa = PBXShellScriptBuildPhase;
			buildActionMask = 2147483647;
			files = (
			);
			inputPaths = (
				"${PODS_PODFILE_DIR_PATH}/Podfile.lock",
				"${PODS_ROOT}/Manifest.lock",
			);
			name = "[CP] Check Pods Manifest.lock";
			outputPaths = (
				"$(DERIVED_FILE_DIR)/Pods-CheckersUITests-checkManifestLockResult.txt",
			);
			runOnlyForDeploymentPostprocessing = 0;
			shellPath = /bin/sh;
			shellScript = "diff \"${PODS_PODFILE_DIR_PATH}/Podfile.lock\" \"${PODS_ROOT}/Manifest.lock\" > /dev/null\nif [ $? != 0 ] ; then\n    # print error to STDERR\n    echo \"error: The sandbox is not in sync with the Podfile.lock. Run 'pod install' or update your CocoaPods installation.\" >&2\n    exit 1\nfi\n# This output is used by Xcode 'outputs' to avoid re-running this script phase.\necho \"SUCCESS\" > \"${SCRIPT_OUTPUT_FILE_0}\"\n";
			showEnvVarsInLog = 0;
		};
		CA0F988E81F408BE164EDB21 /* [CP] Embed Pods Frameworks */ = {
			isa = PBXShellScriptBuildPhase;
			buildActionMask = 2147483647;
			files = (
			);
			inputPaths = (
			);
			name = "[CP] Embed Pods Frameworks";
			outputPaths = (
			);
			runOnlyForDeploymentPostprocessing = 0;
			shellPath = /bin/sh;
			shellScript = "\"${SRCROOT}/Pods/Target Support Files/Pods-CheckersTests/Pods-CheckersTests-frameworks.sh\"\n";
			showEnvVarsInLog = 0;
		};
		D2CE49580E007DA75B031536 /* [CP] Copy Pods Resources */ = {
			isa = PBXShellScriptBuildPhase;
			buildActionMask = 2147483647;
			files = (
			);
			inputPaths = (
			);
			name = "[CP] Copy Pods Resources";
			outputPaths = (
			);
			runOnlyForDeploymentPostprocessing = 0;
			shellPath = /bin/sh;
			shellScript = "\"${SRCROOT}/Pods/Target Support Files/Pods-CheckersUITests/Pods-CheckersUITests-resources.sh\"\n";
			showEnvVarsInLog = 0;
		};
		E9C28926BD8B1241A8BEB02F /* [CP] Check Pods Manifest.lock */ = {
			isa = PBXShellScriptBuildPhase;
			buildActionMask = 2147483647;
			files = (
			);
			inputPaths = (
				"${PODS_PODFILE_DIR_PATH}/Podfile.lock",
				"${PODS_ROOT}/Manifest.lock",
			);
			name = "[CP] Check Pods Manifest.lock";
			outputPaths = (
				"$(DERIVED_FILE_DIR)/Pods-CheckersTests-checkManifestLockResult.txt",
			);
			runOnlyForDeploymentPostprocessing = 0;
			shellPath = /bin/sh;
			shellScript = "diff \"${PODS_PODFILE_DIR_PATH}/Podfile.lock\" \"${PODS_ROOT}/Manifest.lock\" > /dev/null\nif [ $? != 0 ] ; then\n    # print error to STDERR\n    echo \"error: The sandbox is not in sync with the Podfile.lock. Run 'pod install' or update your CocoaPods installation.\" >&2\n    exit 1\nfi\n# This output is used by Xcode 'outputs' to avoid re-running this script phase.\necho \"SUCCESS\" > \"${SCRIPT_OUTPUT_FILE_0}\"\n";
			showEnvVarsInLog = 0;
		};
/* End PBXShellScriptBuildPhase section */

/* Begin PBXSourcesBuildPhase section */
		601064472048F49A004BD16A /* Sources */ = {
			isa = PBXSourcesBuildPhase;
			buildActionMask = 2147483647;
			files = (
				601064842048F806004BD16A /* CheckersBoard.swift in Sources */,
				601064822048F6B7004BD16A /* UICheckersBoardDelegate.swift in Sources */,
				601064862048FC23004BD16A /* UIBoardTile.swift in Sources */,
				601064512048F49A004BD16A /* ViewController.swift in Sources */,
				601064572048F49A004BD16A /* Checkers.xcdatamodeld in Sources */,
				601064802048F50F004BD16A /* UICheckersBoard.swift in Sources */,
				6010644F2048F49A004BD16A /* AppDelegate.swift in Sources */,
			);
			runOnlyForDeploymentPostprocessing = 0;
		};
		6010645E2048F49A004BD16A /* Sources */ = {
			isa = PBXSourcesBuildPhase;
			buildActionMask = 2147483647;
			files = (
				601064672048F49A004BD16A /* CheckersTests.swift in Sources */,
			);
			runOnlyForDeploymentPostprocessing = 0;
		};
		601064692048F49A004BD16A /* Sources */ = {
			isa = PBXSourcesBuildPhase;
			buildActionMask = 2147483647;
			files = (
				601064722048F49A004BD16A /* CheckersUITests.swift in Sources */,
			);
			runOnlyForDeploymentPostprocessing = 0;
		};
/* End PBXSourcesBuildPhase section */

/* Begin PBXTargetDependency section */
		601064642048F49A004BD16A /* PBXTargetDependency */ = {
			isa = PBXTargetDependency;
			target = 6010644A2048F49A004BD16A /* Checkers */;
			targetProxy = 601064632048F49A004BD16A /* PBXContainerItemProxy */;
		};
		6010646F2048F49A004BD16A /* PBXTargetDependency */ = {
			isa = PBXTargetDependency;
			target = 6010644A2048F49A004BD16A /* Checkers */;
			targetProxy = 6010646E2048F49A004BD16A /* PBXContainerItemProxy */;
		};
/* End PBXTargetDependency section */

/* Begin PBXVariantGroup section */
		601064522048F49A004BD16A /* Main.storyboard */ = {
			isa = PBXVariantGroup;
			children = (
				601064532048F49A004BD16A /* Base */,
			);
			name = Main.storyboard;
			sourceTree = "<group>";
		};
		6010645A2048F49A004BD16A /* LaunchScreen.storyboard */ = {
			isa = PBXVariantGroup;
			children = (
				6010645B2048F49A004BD16A /* Base */,
			);
			name = LaunchScreen.storyboard;
			sourceTree = "<group>";
		};
/* End PBXVariantGroup section */

/* Begin XCBuildConfiguration section */
		601064742048F49A004BD16A /* Debug */ = {
			isa = XCBuildConfiguration;
			buildSettings = {
				ALWAYS_SEARCH_USER_PATHS = NO;
				CLANG_ANALYZER_NONNULL = YES;
				CLANG_ANALYZER_NUMBER_OBJECT_CONVERSION = YES_AGGRESSIVE;
				CLANG_CXX_LANGUAGE_STANDARD = "gnu++14";
				CLANG_CXX_LIBRARY = "libc++";
				CLANG_ENABLE_MODULES = YES;
				CLANG_ENABLE_OBJC_ARC = YES;
				CLANG_WARN_BLOCK_CAPTURE_AUTORELEASING = YES;
				CLANG_WARN_BOOL_CONVERSION = YES;
				CLANG_WARN_COMMA = YES;
				CLANG_WARN_CONSTANT_CONVERSION = YES;
				CLANG_WARN_DIRECT_OBJC_ISA_USAGE = YES_ERROR;
				CLANG_WARN_DOCUMENTATION_COMMENTS = YES;
				CLANG_WARN_EMPTY_BODY = YES;
				CLANG_WARN_ENUM_CONVERSION = YES;
				CLANG_WARN_INFINITE_RECURSION = YES;
				CLANG_WARN_INT_CONVERSION = YES;
				CLANG_WARN_NON_LITERAL_NULL_CONVERSION = YES;
				CLANG_WARN_OBJC_LITERAL_CONVERSION = YES;
				CLANG_WARN_OBJC_ROOT_CLASS = YES_ERROR;
				CLANG_WARN_RANGE_LOOP_ANALYSIS = YES;
				CLANG_WARN_STRICT_PROTOTYPES = YES;
				CLANG_WARN_SUSPICIOUS_MOVE = YES;
				CLANG_WARN_UNGUARDED_AVAILABILITY = YES_AGGRESSIVE;
				CLANG_WARN_UNREACHABLE_CODE = YES;
				CLANG_WARN__DUPLICATE_METHOD_MATCH = YES;
				CODE_SIGN_IDENTITY = "iPhone Developer";
				COPY_PHASE_STRIP = NO;
				DEBUG_INFORMATION_FORMAT = dwarf;
				ENABLE_STRICT_OBJC_MSGSEND = YES;
				ENABLE_TESTABILITY = YES;
				GCC_C_LANGUAGE_STANDARD = gnu11;
				GCC_DYNAMIC_NO_PIC = NO;
				GCC_NO_COMMON_BLOCKS = YES;
				GCC_OPTIMIZATION_LEVEL = 0;
				GCC_PREPROCESSOR_DEFINITIONS = (
					"DEBUG=1",
					"$(inherited)",
				);
				GCC_WARN_64_TO_32_BIT_CONVERSION = YES;
				GCC_WARN_ABOUT_RETURN_TYPE = YES_ERROR;
				GCC_WARN_UNDECLARED_SELECTOR = YES;
				GCC_WARN_UNINITIALIZED_AUTOS = YES_AGGRESSIVE;
				GCC_WARN_UNUSED_FUNCTION = YES;
				GCC_WARN_UNUSED_VARIABLE = YES;
				IPHONEOS_DEPLOYMENT_TARGET = 11.2;
				MTL_ENABLE_DEBUG_INFO = YES;
				ONLY_ACTIVE_ARCH = YES;
				SDKROOT = iphoneos;
				SWIFT_ACTIVE_COMPILATION_CONDITIONS = DEBUG;
				SWIFT_OPTIMIZATION_LEVEL = "-Onone";
			};
			name = Debug;
		};
		601064752048F49A004BD16A /* Release */ = {
			isa = XCBuildConfiguration;
			buildSettings = {
				ALWAYS_SEARCH_USER_PATHS = NO;
				CLANG_ANALYZER_NONNULL = YES;
				CLANG_ANALYZER_NUMBER_OBJECT_CONVERSION = YES_AGGRESSIVE;
				CLANG_CXX_LANGUAGE_STANDARD = "gnu++14";
				CLANG_CXX_LIBRARY = "libc++";
				CLANG_ENABLE_MODULES = YES;
				CLANG_ENABLE_OBJC_ARC = YES;
				CLANG_WARN_BLOCK_CAPTURE_AUTORELEASING = YES;
				CLANG_WARN_BOOL_CONVERSION = YES;
				CLANG_WARN_COMMA = YES;
				CLANG_WARN_CONSTANT_CONVERSION = YES;
				CLANG_WARN_DIRECT_OBJC_ISA_USAGE = YES_ERROR;
				CLANG_WARN_DOCUMENTATION_COMMENTS = YES;
				CLANG_WARN_EMPTY_BODY = YES;
				CLANG_WARN_ENUM_CONVERSION = YES;
				CLANG_WARN_INFINITE_RECURSION = YES;
				CLANG_WARN_INT_CONVERSION = YES;
				CLANG_WARN_NON_LITERAL_NULL_CONVERSION = YES;
				CLANG_WARN_OBJC_LITERAL_CONVERSION = YES;
				CLANG_WARN_OBJC_ROOT_CLASS = YES_ERROR;
				CLANG_WARN_RANGE_LOOP_ANALYSIS = YES;
				CLANG_WARN_STRICT_PROTOTYPES = YES;
				CLANG_WARN_SUSPICIOUS_MOVE = YES;
				CLANG_WARN_UNGUARDED_AVAILABILITY = YES_AGGRESSIVE;
				CLANG_WARN_UNREACHABLE_CODE = YES;
				CLANG_WARN__DUPLICATE_METHOD_MATCH = YES;
				CODE_SIGN_IDENTITY = "iPhone Developer";
				COPY_PHASE_STRIP = NO;
				DEBUG_INFORMATION_FORMAT = "dwarf-with-dsym";
				ENABLE_NS_ASSERTIONS = NO;
				ENABLE_STRICT_OBJC_MSGSEND = YES;
				GCC_C_LANGUAGE_STANDARD = gnu11;
				GCC_NO_COMMON_BLOCKS = YES;
				GCC_WARN_64_TO_32_BIT_CONVERSION = YES;
				GCC_WARN_ABOUT_RETURN_TYPE = YES_ERROR;
				GCC_WARN_UNDECLARED_SELECTOR = YES;
				GCC_WARN_UNINITIALIZED_AUTOS = YES_AGGRESSIVE;
				GCC_WARN_UNUSED_FUNCTION = YES;
				GCC_WARN_UNUSED_VARIABLE = YES;
				IPHONEOS_DEPLOYMENT_TARGET = 11.2;
				MTL_ENABLE_DEBUG_INFO = NO;
				SDKROOT = iphoneos;
				SWIFT_OPTIMIZATION_LEVEL = "-Owholemodule";
				VALIDATE_PRODUCT = YES;
			};
			name = Release;
		};
		601064772048F49A004BD16A /* Debug */ = {
			isa = XCBuildConfiguration;
			baseConfigurationReference = FDDBF08B206469C83D91B356 /* Pods-Checkers.debug.xcconfig */;
			buildSettings = {
				ASSETCATALOG_COMPILER_APPICON_NAME = AppIcon;
				CODE_SIGN_STYLE = Automatic;
				DEVELOPMENT_TEAM = FQAP44GJSY;
				INFOPLIST_FILE = Checkers/Info.plist;
				LD_RUNPATH_SEARCH_PATHS = "$(inherited) @executable_path/Frameworks";
				PRODUCT_BUNDLE_IDENTIFIER = com.zeppamobile.ios.Checkers;
				PRODUCT_NAME = "$(TARGET_NAME)";
				SWIFT_VERSION = 4.0;
				TARGETED_DEVICE_FAMILY = "1,2";
			};
			name = Debug;
		};
		601064782048F49A004BD16A /* Release */ = {
			isa = XCBuildConfiguration;
			baseConfigurationReference = 76A7A41E082F8A863403E3E6 /* Pods-Checkers.release.xcconfig */;
			buildSettings = {
				ASSETCATALOG_COMPILER_APPICON_NAME = AppIcon;
				CODE_SIGN_STYLE = Automatic;
				DEVELOPMENT_TEAM = FQAP44GJSY;
				INFOPLIST_FILE = Checkers/Info.plist;
				LD_RUNPATH_SEARCH_PATHS = "$(inherited) @executable_path/Frameworks";
				PRODUCT_BUNDLE_IDENTIFIER = com.zeppamobile.ios.Checkers;
				PRODUCT_NAME = "$(TARGET_NAME)";
				SWIFT_VERSION = 4.0;
				TARGETED_DEVICE_FAMILY = "1,2";
			};
			name = Release;
		};
		6010647A2048F49A004BD16A /* Debug */ = {
			isa = XCBuildConfiguration;
			baseConfigurationReference = 02FF3E9FDA49DC0BE22E1108 /* Pods-CheckersTests.debug.xcconfig */;
			buildSettings = {
				ALWAYS_EMBED_SWIFT_STANDARD_LIBRARIES = YES;
				BUNDLE_LOADER = "$(TEST_HOST)";
				CODE_SIGN_STYLE = Automatic;
				DEVELOPMENT_TEAM = FQAP44GJSY;
				INFOPLIST_FILE = CheckersTests/Info.plist;
				LD_RUNPATH_SEARCH_PATHS = "$(inherited) @executable_path/Frameworks @loader_path/Frameworks";
				PRODUCT_BUNDLE_IDENTIFIER = com.zeppamobile.ios.CheckersTests;
				PRODUCT_NAME = "$(TARGET_NAME)";
				SWIFT_VERSION = 4.0;
				TARGETED_DEVICE_FAMILY = "1,2";
				TEST_HOST = "$(BUILT_PRODUCTS_DIR)/Checkers.app/Checkers";
			};
			name = Debug;
		};
		6010647B2048F49A004BD16A /* Release */ = {
			isa = XCBuildConfiguration;
			baseConfigurationReference = 1F2EF763BD99FCB0C4467788 /* Pods-CheckersTests.release.xcconfig */;
			buildSettings = {
				ALWAYS_EMBED_SWIFT_STANDARD_LIBRARIES = YES;
				BUNDLE_LOADER = "$(TEST_HOST)";
				CODE_SIGN_STYLE = Automatic;
				DEVELOPMENT_TEAM = FQAP44GJSY;
				INFOPLIST_FILE = CheckersTests/Info.plist;
				LD_RUNPATH_SEARCH_PATHS = "$(inherited) @executable_path/Frameworks @loader_path/Frameworks";
				PRODUCT_BUNDLE_IDENTIFIER = com.zeppamobile.ios.CheckersTests;
				PRODUCT_NAME = "$(TARGET_NAME)";
				SWIFT_VERSION = 4.0;
				TARGETED_DEVICE_FAMILY = "1,2";
				TEST_HOST = "$(BUILT_PRODUCTS_DIR)/Checkers.app/Checkers";
			};
			name = Release;
		};
		6010647D2048F49A004BD16A /* Debug */ = {
			isa = XCBuildConfiguration;
			baseConfigurationReference = 1B22D801591FF442B0B7A44F /* Pods-CheckersUITests.debug.xcconfig */;
			buildSettings = {
				ALWAYS_EMBED_SWIFT_STANDARD_LIBRARIES = YES;
				CODE_SIGN_STYLE = Automatic;
				DEVELOPMENT_TEAM = FQAP44GJSY;
				INFOPLIST_FILE = CheckersUITests/Info.plist;
				LD_RUNPATH_SEARCH_PATHS = "$(inherited) @executable_path/Frameworks @loader_path/Frameworks";
				PRODUCT_BUNDLE_IDENTIFIER = com.zeppamobile.ios.CheckersUITests;
				PRODUCT_NAME = "$(TARGET_NAME)";
				SWIFT_VERSION = 4.0;
				TARGETED_DEVICE_FAMILY = "1,2";
				TEST_TARGET_NAME = Checkers;
			};
			name = Debug;
		};
		6010647E2048F49A004BD16A /* Release */ = {
			isa = XCBuildConfiguration;
			baseConfigurationReference = 149FE6AFC824F446BC43B5BD /* Pods-CheckersUITests.release.xcconfig */;
			buildSettings = {
				ALWAYS_EMBED_SWIFT_STANDARD_LIBRARIES = YES;
				CODE_SIGN_STYLE = Automatic;
				DEVELOPMENT_TEAM = FQAP44GJSY;
				INFOPLIST_FILE = CheckersUITests/Info.plist;
				LD_RUNPATH_SEARCH_PATHS = "$(inherited) @executable_path/Frameworks @loader_path/Frameworks";
				PRODUCT_BUNDLE_IDENTIFIER = com.zeppamobile.ios.CheckersUITests;
				PRODUCT_NAME = "$(TARGET_NAME)";
				SWIFT_VERSION = 4.0;
				TARGETED_DEVICE_FAMILY = "1,2";
				TEST_TARGET_NAME = Checkers;
			};
			name = Release;
		};
/* End XCBuildConfiguration section */

/* Begin XCConfigurationList section */
		601064462048F49A004BD16A /* Build configuration list for PBXProject "Checkers" */ = {
			isa = XCConfigurationList;
			buildConfigurations = (
				601064742048F49A004BD16A /* Debug */,
				601064752048F49A004BD16A /* Release */,
			);
			defaultConfigurationIsVisible = 0;
			defaultConfigurationName = Release;
		};
		601064762048F49A004BD16A /* Build configuration list for PBXNativeTarget "Checkers" */ = {
			isa = XCConfigurationList;
			buildConfigurations = (
				601064772048F49A004BD16A /* Debug */,
				601064782048F49A004BD16A /* Release */,
			);
			defaultConfigurationIsVisible = 0;
			defaultConfigurationName = Release;
		};
		601064792048F49A004BD16A /* Build configuration list for PBXNativeTarget "CheckersTests" */ = {
			isa = XCConfigurationList;
			buildConfigurations = (
				6010647A2048F49A004BD16A /* Debug */,
				6010647B2048F49A004BD16A /* Release */,
			);
			defaultConfigurationIsVisible = 0;
			defaultConfigurationName = Release;
		};
		6010647C2048F49A004BD16A /* Build configuration list for PBXNativeTarget "CheckersUITests" */ = {
			isa = XCConfigurationList;
			buildConfigurations = (
				6010647D2048F49A004BD16A /* Debug */,
				6010647E2048F49A004BD16A /* Release */,
			);
			defaultConfigurationIsVisible = 0;
			defaultConfigurationName = Release;
		};
/* End XCConfigurationList section */

/* Begin XCVersionGroup section */
		601064552048F49A004BD16A /* Checkers.xcdatamodeld */ = {
			isa = XCVersionGroup;
			children = (
				601064562048F49A004BD16A /* Checkers.xcdatamodel */,
			);
			currentVersion = 601064562048F49A004BD16A /* Checkers.xcdatamodel */;
			path = Checkers.xcdatamodeld;
			sourceTree = "<group>";
			versionGroupType = wrapper.xcdatamodel;
		};
/* End XCVersionGroup section */
	};
	rootObject = 601064432048F49A004BD16A /* Project object */;
}
